
Microsoft Visual Studio Solution File, Format Version 12.00
# Visual Studio Version 16
VisualStudioVersion = 16.0.31205.134
MinimumVisualStudioVersion = 10.0.40219.1
Project("{2150E333-8FDC-42A3-9474-1A3956D46DE8}") = "01. Core", "01. Core", "{41164E5B-9AD3-4D0F-A6B3-9317416BC712}"
EndProject
Project("{2150E333-8FDC-42A3-9474-1A3956D46DE8}") = "02. Infra", "02. Infra", "{3E1F66F7-CED6-411A-AA9A-75FE6C732A43}"
EndProject
Project("{2150E333-8FDC-42A3-9474-1A3956D46DE8}") = "03. Endpoints", "03. Endpoints", "{C14264F2-1D9F-44A7-A99B-F37656C4929B}"
EndProject
Project("{FAE04EC0-301F-11D3-BF4B-00C04F79EFBC}") = "BlogManagement.Core.Domain", "BlogManagement.Core.Domain\BlogManagement.Core.Domain.csproj", "{9E35D050-B931-4131-9FF1-15171E9F9395}"
EndProject
Project("{2150E333-8FDC-42A3-9474-1A3956D46DE8}") = "00. Framework", "00. Framework", "{05EF0A12-4755-4B43-8A9F-006E4B438130}"
EndProject
Project("{FAE04EC0-301F-11D3-BF4B-00C04F79EFBC}") = "Golrang.Framework", "Golrang.Framework\Golrang.Framework.csproj", "{450501D3-9F0C-4E88-85C6-B13B298D0421}"
EndProject
Project("{FAE04EC0-301F-11D3-BF4B-00C04F79EFBC}") = "BlogManagement.Infra.Data.Sql", "BlogManagement.Infra.Data.Sql\BlogManagement.Infra.Data.Sql.csproj", "{C7867512-A768-4831-8AD6-9CBE06B2250F}"
EndProject
Project("{FAE04EC0-301F-11D3-BF4B-00C04F79EFBC}") = "BlogManagement.Endpoints.API", "BlogManagement.Endpoints.API\BlogManagement.Endpoints.API.csproj", "{5ED837DD-A65C-4022-AA6E-D8E2DF9519B1}"
EndProject
Project("{FAE04EC0-301F-11D3-BF4B-00C04F79EFBC}") = "BlogManagement.Core.ApplicationServices", "BlogManagement.Core.ApplicationServices\BlogManagement.Core.ApplicationServices.csproj", "{EA2FE2CF-F048-4AFB-BE73-80EB40D0F30A}"
EndProject
Global
	GlobalSection(SolutionConfigurationPlatforms) = preSolution
		Debug|Any CPU = Debug|Any CPU
		Release|Any CPU = Release|Any CPU
	EndGlobalSection
	GlobalSection(ProjectConfigurationPlatforms) = postSolution
		{9E35D050-B931-4131-9FF1-15171E9F9395}.Debug|Any CPU.ActiveCfg = Debug|Any CPU
		{9E35D050-B931-4131-9FF1-15171E9F9395}.Debug|Any CPU.Build.0 = Debug|Any CPU
		{9E35D050-B931-4131-9FF1-15171E9F9395}.Release|Any CPU.ActiveCfg = Release|Any CPU
		{9E35D050-B931-4131-9FF1-15171E9F9395}.Release|Any CPU.Build.0 = Release|Any CPU
		{450501D3-9F0C-4E88-85C6-B13B298D0421}.Debug|Any CPU.ActiveCfg = Debug|Any CPU
		{450501D3-9F0C-4E88-85C6-B13B298D0421}.Debug|Any CPU.Build.0 = Debug|Any CPU
		{450501D3-9F0C-4E88-85C6-B13B298D0421}.Release|Any CPU.ActiveCfg = Release|Any CPU
		{450501D3-9F0C-4E88-85C6-B13B298D0421}.Release|Any CPU.Build.0 = Release|Any CPU
		{C7867512-A768-4831-8AD6-9CBE06B2250F}.Debug|Any CPU.ActiveCfg = Debug|Any CPU
		{C7867512-A768-4831-8AD6-9CBE06B2250F}.Debug|Any CPU.Build.0 = Debug|Any CPU
		{C7867512-A768-4831-8AD6-9CBE06B2250F}.Release|Any CPU.ActiveCfg = Release|Any CPU
		{C7867512-A768-4831-8AD6-9CBE06B2250F}.Release|Any CPU.Build.0 = Release|Any CPU
		{5ED837DD-A65C-4022-AA6E-D8E2DF9519B1}.Debug|Any CPU.ActiveCfg = Debug|Any CPU
		{5ED837DD-A65C-4022-AA6E-D8E2DF9519B1}.Debug|Any CPU.Build.0 = Debug|Any CPU
		{5ED837DD-A65C-4022-AA6E-D8E2DF9519B1}.Release|Any CPU.ActiveCfg = Release|Any CPU
		{5ED837DD-A65C-4022-AA6E-D8E2DF9519B1}.Release|Any CPU.Build.0 = Release|Any CPU
		{EA2FE2CF-F048-4AFB-BE73-80EB40D0F30A}.Debug|Any CPU.ActiveCfg = Debug|Any CPU
		{EA2FE2CF-F048-4AFB-BE73-80EB40D0F30A}.Debug|Any CPU.Build.0 = Debug|Any CPU
		{EA2FE2CF-F048-4AFB-BE73-80EB40D0F30A}.Release|Any CPU.ActiveCfg = Release|Any CPU
		{EA2FE2CF-F048-4AFB-BE73-80EB40D0F30A}.Release|Any CPU.Build.0 = Release|Any CPU
	EndGlobalSection
	GlobalSection(SolutionProperties) = preSolution
		HideSolutionNode = FALSE
	EndGlobalSection
	GlobalSection(NestedProjects) = preSolution
		{9E35D050-B931-4131-9FF1-15171E9F9395} = {41164E5B-9AD3-4D0F-A6B3-9317416BC712}
		{450501D3-9F0C-4E88-85C6-B13B298D0421} = {05EF0A12-4755-4B43-8A9F-006E4B438130}
		{C7867512-A768-4831-8AD6-9CBE06B2250F} = {3E1F66F7-CED6-411A-AA9A-75FE6C732A43}
		{5ED837DD-A65C-4022-AA6E-D8E2DF9519B1} = {C14264F2-1D9F-44A7-A99B-F37656C4929B}
		{EA2FE2CF-F048-4AFB-BE73-80EB40D0F30A} = {41164E5B-9AD3-4D0F-A6B3-9317416BC712}
	EndGlobalSection
	GlobalSection(ExtensibilityGlobals) = postSolution
		SolutionGuid = {28506044-BD2B-4A68-AEDD-6AD7695B3077}
	EndGlobalSection
EndGlobal
